
Microsoft Visual Studio Solution File, Format Version 12.00
# Visual Studio Version 17
VisualStudioVersion = 17.9.34728.123
MinimumVisualStudioVersion = 10.0.40219.1
Project("{FAE04EC0-301F-11D3-BF4B-00C04F79EFBC}") = "ProjectFilm", "ProjectFilm.csproj", "{3152E8D1-20DD-49CD-80DB-11F39C567BE0}"
EndProject
Global
	GlobalSection(SolutionConfigurationPlatforms) = preSolution
		Debug|Any CPU = Debug|Any CPU
		Release|Any CPU = Release|Any CPU
	EndGlobalSection
	GlobalSection(ProjectConfigurationPlatforms) = postSolution
		{3152E8D1-20DD-49CD-80DB-11F39C567BE0}.Debug|Any CPU.ActiveCfg = Debug|Any CPU
		{3152E8D1-20DD-49CD-80DB-11F39C567BE0}.Debug|Any CPU.Build.0 = Debug|Any CPU
		{3152E8D1-20DD-49CD-80DB-11F39C567BE0}.Release|Any CPU.ActiveCfg = Release|Any CPU
		{3152E8D1-20DD-49CD-80DB-11F39C567BE0}.Release|Any CPU.Build.0 = Release|Any CPU
	EndGlobalSection
	GlobalSection(SolutionProperties) = preSolution
		HideSolutionNode = FALSE
	EndGlobalSection
	GlobalSection(ExtensibilityGlobals) = postSolution
		SolutionGuid = {2F49E7D4-5ABE-4124-AB6A-57D8004956D3}
	EndGlobalSection
EndGlobal
